
Microsoft Visual Studio Solution File, Format Version 12.00
Project("{FAE04EC0-301F-11D3-BF4B-00C04F79EFBC}") = "UrlShortener", "UrlShortener\UrlShortener.csproj", "{27DBEE7C-857A-42B9-9A97-5A85535EFFFE}"
EndProject
Global
	GlobalSection(SolutionConfigurationPlatforms) = preSolution
		Debug|Any CPU = Debug|Any CPU
		Release|Any CPU = Release|Any CPU
	EndGlobalSection
	GlobalSection(ProjectConfigurationPlatforms) = postSolution
		{27DBEE7C-857A-42B9-9A97-5A85535EFFFE}.Debug|Any CPU.ActiveCfg = Debug|Any CPU
		{27DBEE7C-857A-42B9-9A97-5A85535EFFFE}.Debug|Any CPU.Build.0 = Debug|Any CPU
		{27DBEE7C-857A-42B9-9A97-5A85535EFFFE}.Release|Any CPU.ActiveCfg = Release|Any CPU
		{27DBEE7C-857A-42B9-9A97-5A85535EFFFE}.Release|Any CPU.Build.0 = Release|Any CPU
	EndGlobalSection
EndGlobal
